
Microsoft Visual Studio Solution File, Format Version 12.00
# Visual Studio Version 17
VisualStudioVersion = 17.7.34221.43
MinimumVisualStudioVersion = 10.0.40219.1
Project("{FAE04EC0-301F-11D3-BF4B-00C04F79EFBC}") = "wk45-MiniProject", "wk45-MiniProject.csproj", "{7EB32273-64AE-40D6-B651-F0B5F556712F}"
EndProject
Global
	GlobalSection(SolutionConfigurationPlatforms) = preSolution
		Debug|Any CPU = Debug|Any CPU
		Release|Any CPU = Release|Any CPU
	EndGlobalSection
	GlobalSection(ProjectConfigurationPlatforms) = postSolution
		{7EB32273-64AE-40D6-B651-F0B5F556712F}.Debug|Any CPU.ActiveCfg = Debug|Any CPU
		{7EB32273-64AE-40D6-B651-F0B5F556712F}.Debug|Any CPU.Build.0 = Debug|Any CPU
		{7EB32273-64AE-40D6-B651-F0B5F556712F}.Release|Any CPU.ActiveCfg = Release|Any CPU
		{7EB32273-64AE-40D6-B651-F0B5F556712F}.Release|Any CPU.Build.0 = Release|Any CPU
	EndGlobalSection
	GlobalSection(SolutionProperties) = preSolution
		HideSolutionNode = FALSE
	EndGlobalSection
	GlobalSection(ExtensibilityGlobals) = postSolution
		SolutionGuid = {DD897B8B-59AD-47FF-8193-2D06DBF3A0BE}
	EndGlobalSection
EndGlobal
